// !$*UTF8*$!
{
	archiveVersion = 1;
	classes = {
	};
	objectVersion = 46;
	objects = {

/* Begin PBXBuildFile section */
		D44C186C1AFABDE400EABA51 /* AppDelegate.swift in Sources */ = {isa = PBXBuildFile; fileRef = D44C186B1AFABDE400EABA51 /* AppDelegate.swift */; };
		D44C186F1AFABDE500EABA51 /* Pitch_Perfect.xcdatamodeld in Sources */ = {isa = PBXBuildFile; fileRef = D44C186D1AFABDE500EABA51 /* Pitch_Perfect.xcdatamodeld */; };
		D44C18711AFABDE500EABA51 /* RecordSoundsViewController.swift in Sources */ = {isa = PBXBuildFile; fileRef = D44C18701AFABDE500EABA51 /* RecordSoundsViewController.swift */; };
		D44C18741AFABDE500EABA51 /* Main.storyboard in Resources */ = {isa = PBXBuildFile; fileRef = D44C18721AFABDE500EABA51 /* Main.storyboard */; };
		D44C18761AFABDE500EABA51 /* Images.xcassets in Resources */ = {isa = PBXBuildFile; fileRef = D44C18751AFABDE500EABA51 /* Images.xcassets */; };
		D44C18791AFABDE500EABA51 /* LaunchScreen.xib in Resources */ = {isa = PBXBuildFile; fileRef = D44C18771AFABDE500EABA51 /* LaunchScreen.xib */; };
		D44C18851AFABDE500EABA51 /* Pitch_PerfectTests.swift in Sources */ = {isa = PBXBuildFile; fileRef = D44C18841AFABDE500EABA51 /* Pitch_PerfectTests.swift */; };
		D44C18911AFC084B00EABA51 /* movie_quote.mp3 in Resources */ = {isa = PBXBuildFile; fileRef = D44C18901AFC084B00EABA51 /* movie_quote.mp3 */; };
		D44C18931AFC09EB00EABA51 /* AVFoundation.framework in Frameworks */ = {isa = PBXBuildFile; fileRef = D44C18921AFC09EB00EABA51 /* AVFoundation.framework */; };
		D4E855791AFD7C3F0085B762 /* RecordedAudio.swift in Sources */ = {isa = PBXBuildFile; fileRef = D4E855781AFD7C3F0085B762 /* RecordedAudio.swift */; };
		D4FC15221AFC17D6002E3F61 /* PlaySoundsViewController.swift in Sources */ = {isa = PBXBuildFile; fileRef = D4FC15211AFC17D6002E3F61 /* PlaySoundsViewController.swift */; };
/* End PBXBuildFile section */

/* Begin PBXContainerItemProxy section */
		D44C187F1AFABDE500EABA51 /* PBXContainerItemProxy */ = {
			isa = PBXContainerItemProxy;
			containerPortal = D44C185E1AFABDE400EABA51 /* Project object */;
			proxyType = 1;
			remoteGlobalIDString = D44C18651AFABDE400EABA51;
			remoteInfo = "Pitch Perfect";
		};
/* End PBXContainerItemProxy section */

/* Begin PBXFileReference section */
		D44C18661AFABDE400EABA51 /* Pitch Perfect.app */ = {isa = PBXFileReference; explicitFileType = wrapper.application; includeInIndex = 0; path = "Pitch Perfect.app"; sourceTree = BUILT_PRODUCTS_DIR; };
		D44C186A1AFABDE400EABA51 /* Info.plist */ = {isa = PBXFileReference; lastKnownFileType = text.plist.xml; path = Info.plist; sourceTree = "<group>"; };
		D44C186B1AFABDE400EABA51 /* AppDelegate.swift */ = {isa = PBXFileReference; lastKnownFileType = sourcecode.swift; path = AppDelegate.swift; sourceTree = "<group>"; };
		D44C186E1AFABDE500EABA51 /* Pitch_Perfect.xcdatamodel */ = {isa = PBXFileReference; lastKnownFileType = wrapper.xcdatamodel; path = Pitch_Perfect.xcdatamodel; sourceTree = "<group>"; };
		D44C18701AFABDE500EABA51 /* RecordSoundsViewController.swift */ = {isa = PBXFileReference; lastKnownFileType = sourcecode.swift; path = RecordSoundsViewController.swift; sourceTree = "<group>"; };
		D44C18731AFABDE500EABA51 /* Base */ = {isa = PBXFileReference; lastKnownFileType = file.storyboard; name = Base; path = Base.lproj/Main.storyboard; sourceTree = "<group>"; };
		D44C18751AFABDE500EABA51 /* Images.xcassets */ = {isa = PBXFileReference; lastKnownFileType = folder.assetcatalog; path = Images.xcassets; sourceTree = "<group>"; };
		D44C18781AFABDE500EABA51 /* Base */ = {isa = PBXFileReference; lastKnownFileType = file.xib; name = Base; path = Base.lproj/LaunchScreen.xib; sourceTree = "<group>"; };
		D44C187E1AFABDE500EABA51 /* Pitch PerfectTests.xctest */ = {isa = PBXFileReference; explicitFileType = wrapper.cfbundle; includeInIndex = 0; path = "Pitch PerfectTests.xctest"; sourceTree = BUILT_PRODUCTS_DIR; };
		D44C18831AFABDE500EABA51 /* Info.plist */ = {isa = PBXFileReference; lastKnownFileType = text.plist.xml; path = Info.plist; sourceTree = "<group>"; };
		D44C18841AFABDE500EABA51 /* Pitch_PerfectTests.swift */ = {isa = PBXFileReference; lastKnownFileType = sourcecode.swift; path = Pitch_PerfectTests.swift; sourceTree = "<group>"; };
		D44C18901AFC084B00EABA51 /* movie_quote.mp3 */ = {isa = PBXFileReference; lastKnownFileType = audio.mp3; path = movie_quote.mp3; sourceTree = "<group>"; };
		D44C18921AFC09EB00EABA51 /* AVFoundation.framework */ = {isa = PBXFileReference; lastKnownFileType = wrapper.framework; name = AVFoundation.framework; path = System/Library/Frameworks/AVFoundation.framework; sourceTree = SDKROOT; };
		D4E855781AFD7C3F0085B762 /* RecordedAudio.swift */ = {isa = PBXFileReference; fileEncoding = 4; lastKnownFileType = sourcecode.swift; path = RecordedAudio.swift; sourceTree = "<group>"; };
		D4FC15211AFC17D6002E3F61 /* PlaySoundsViewController.swift */ = {isa = PBXFileReference; fileEncoding = 4; lastKnownFileType = sourcecode.swift; path = PlaySoundsViewController.swift; sourceTree = "<group>"; };
/* End PBXFileReference section */

/* Begin PBXFrameworksBuildPhase section */
		D44C18631AFABDE400EABA51 /* Frameworks */ = {
			isa = PBXFrameworksBuildPhase;
			buildActionMask = 2147483647;
			files = (
				D44C18931AFC09EB00EABA51 /* AVFoundation.framework in Frameworks */,
			);
			runOnlyForDeploymentPostprocessing = 0;
		};
		D44C187B1AFABDE500EABA51 /* Frameworks */ = {
			isa = PBXFrameworksBuildPhase;
			buildActionMask = 2147483647;
			files = (
			);
			runOnlyForDeploymentPostprocessing = 0;
		};
/* End PBXFrameworksBuildPhase section */

/* Begin PBXGroup section */
		D44C185D1AFABDE400EABA51 = {
			isa = PBXGroup;
			children = (
				D44C18921AFC09EB00EABA51 /* AVFoundation.framework */,
				D44C18681AFABDE400EABA51 /* Pitch Perfect */,
				D44C18811AFABDE500EABA51 /* Pitch PerfectTests */,
				D44C18671AFABDE400EABA51 /* Products */,
			);
			sourceTree = "<group>";
		};
		D44C18671AFABDE400EABA51 /* Products */ = {
			isa = PBXGroup;
			children = (
				D44C18661AFABDE400EABA51 /* Pitch Perfect.app */,
				D44C187E1AFABDE500EABA51 /* Pitch PerfectTests.xctest */,
			);
			name = Products;
			sourceTree = "<group>";
		};
		D44C18681AFABDE400EABA51 /* Pitch Perfect */ = {
			isa = PBXGroup;
			children = (
				D44C186B1AFABDE400EABA51 /* AppDelegate.swift */,
				D44C18701AFABDE500EABA51 /* RecordSoundsViewController.swift */,
				D4FC15211AFC17D6002E3F61 /* PlaySoundsViewController.swift */,
				D44C18721AFABDE500EABA51 /* Main.storyboard */,
				D44C18751AFABDE500EABA51 /* Images.xcassets */,
				D44C18771AFABDE500EABA51 /* LaunchScreen.xib */,
				D44C186D1AFABDE500EABA51 /* Pitch_Perfect.xcdatamodeld */,
				D44C18691AFABDE400EABA51 /* Supporting Files */,
				D4E855781AFD7C3F0085B762 /* RecordedAudio.swift */,
			);
			path = "Pitch Perfect";
			sourceTree = "<group>";
		};
		D44C18691AFABDE400EABA51 /* Supporting Files */ = {
			isa = PBXGroup;
			children = (
				D44C18901AFC084B00EABA51 /* movie_quote.mp3 */,
				D44C186A1AFABDE400EABA51 /* Info.plist */,
			);
			name = "Supporting Files";
			sourceTree = "<group>";
		};
		D44C18811AFABDE500EABA51 /* Pitch PerfectTests */ = {
			isa = PBXGroup;
			children = (
				D44C18841AFABDE500EABA51 /* Pitch_PerfectTests.swift */,
				D44C18821AFABDE500EABA51 /* Supporting Files */,
			);
			path = "Pitch PerfectTests";
			sourceTree = "<group>";
		};
		D44C18821AFABDE500EABA51 /* Supporting Files */ = {
			isa = PBXGroup;
			children = (
				D44C18831AFABDE500EABA51 /* Info.plist */,
			);
			name = "Supporting Files";
			sourceTree = "<group>";
		};
/* End PBXGroup section */

/* Begin PBXNativeTarget section */
		D44C18651AFABDE400EABA51 /* Pitch Perfect */ = {
			isa = PBXNativeTarget;
			buildConfigurationList = D44C18881AFABDE500EABA51 /* Build configuration list for PBXNativeTarget "Pitch Perfect" */;
			buildPhases = (
				D44C18621AFABDE400EABA51 /* Sources */,
				D44C18631AFABDE400EABA51 /* Frameworks */,
				D44C18641AFABDE400EABA51 /* Resources */,
			);
			buildRules = (
			);
			dependencies = (
			);
			name = "Pitch Perfect";
			productName = "Pitch Perfect";
			productReference = D44C18661AFABDE400EABA51 /* Pitch Perfect.app */;
			productType = "com.apple.product-type.application";
		};
		D44C187D1AFABDE500EABA51 /* Pitch PerfectTests */ = {
			isa = PBXNativeTarget;
			buildConfigurationList = D44C188B1AFABDE500EABA51 /* Build configuration list for PBXNativeTarget "Pitch PerfectTests" */;
			buildPhases = (
				D44C187A1AFABDE500EABA51 /* Sources */,
				D44C187B1AFABDE500EABA51 /* Frameworks */,
				D44C187C1AFABDE500EABA51 /* Resources */,
			);
			buildRules = (
			);
			dependencies = (
				D44C18801AFABDE500EABA51 /* PBXTargetDependency */,
			);
			name = "Pitch PerfectTests";
			productName = "Pitch PerfectTests";
			productReference = D44C187E1AFABDE500EABA51 /* Pitch PerfectTests.xctest */;
			productType = "com.apple.product-type.bundle.unit-test";
		};
/* End PBXNativeTarget section */

/* Begin PBXProject section */
		D44C185E1AFABDE400EABA51 /* Project object */ = {
			isa = PBXProject;
			attributes = {
				LastUpgradeCheck = 0630;
				ORGANIZATIONNAME = "Richard Guerci";
				TargetAttributes = {
					D44C18651AFABDE400EABA51 = {
						CreatedOnToolsVersion = 6.3;
					};
					D44C187D1AFABDE500EABA51 = {
						CreatedOnToolsVersion = 6.3;
						TestTargetID = D44C18651AFABDE400EABA51;
					};
				};
			};
			buildConfigurationList = D44C18611AFABDE400EABA51 /* Build configuration list for PBXProject "Pitch Perfect" */;
			compatibilityVersion = "Xcode 3.2";
			developmentRegion = English;
			hasScannedForEncodings = 0;
			knownRegions = (
				en,
				Base,
			);
			mainGroup = D44C185D1AFABDE400EABA51;
			productRefGroup = D44C18671AFABDE400EABA51 /* Products */;
			projectDirPath = "";
			projectRoot = "";
			targets = (
				D44C18651AFABDE400EABA51 /* Pitch Perfect */,
				D44C187D1AFABDE500EABA51 /* Pitch PerfectTests */,
			);
		};
/* End PBXProject section */

/* Begin PBXResourcesBuildPhase section */
		D44C18641AFABDE400EABA51 /* Resources */ = {
			isa = PBXResourcesBuildPhase;
			buildActionMask = 2147483647;
			files = (
				D44C18741AFABDE500EABA51 /* Main.storyboard in Resources */,
				D44C18791AFABDE500EABA51 /* LaunchScreen.xib in Resources */,
				D44C18911AFC084B00EABA51 /* movie_quote.mp3 in Resources */,
				D44C18761AFABDE500EABA51 /* Images.xcassets in Resources */,
			);
			runOnlyForDeploymentPostprocessing = 0;
		};
		D44C187C1AFABDE500EABA51 /* Resources */ = {
			isa = PBXResourcesBuildPhase;
			buildActionMask = 2147483647;
			files = (
			);
			runOnlyForDeploymentPostprocessing = 0;
		};
/* End PBXResourcesBuildPhase section */

/* Begin PBXSourcesBuildPhase section */
		D44C18621AFABDE400EABA51 /* Sources */ = {
			isa = PBXSourcesBuildPhase;
			buildActionMask = 2147483647;
			files = (
				D44C18711AFABDE500EABA51 /* RecordSoundsViewController.swift in Sources */,
				D44C186F1AFABDE500EABA51 /* Pitch_Perfect.xcdatamodeld in Sources */,
				D4FC15221AFC17D6002E3F61 /* PlaySoundsViewController.swift in Sources */,
				D44C186C1AFABDE400EABA51 /* AppDelegate.swift in Sources */,
				D4E855791AFD7C3F0085B762 /* RecordedAudio.swift in Sources */,
			);
			runOnlyForDeploymentPostprocessing = 0;
		};
		D44C187A1AFABDE500EABA51 /* Sources */ = {
			isa = PBXSourcesBuildPhase;
			buildActionMask = 2147483647;
			files = (
				D44C18851AFABDE500EABA51 /* Pitch_PerfectTests.swift in Sources */,
			);
			runOnlyForDeploymentPostprocessing = 0;
		};
/* End PBXSourcesBuildPhase section */

/* Begin PBXTargetDependency section */
		D44C18801AFABDE500EABA51 /* PBXTargetDependency */ = {
			isa = PBXTargetDependency;
			target = D44C18651AFABDE400EABA51 /* Pitch Perfect */;
			targetProxy = D44C187F1AFABDE500EABA51 /* PBXContainerItemProxy */;
		};
/* End PBXTargetDependency section */

/* Begin PBXVariantGroup section */
		D44C18721AFABDE500EABA51 /* Main.storyboard */ = {
			isa = PBXVariantGroup;
			children = (
				D44C18731AFABDE500EABA51 /* Base */,
			);
			name = Main.storyboard;
			sourceTree = "<group>";
		};
		D44C18771AFABDE500EABA51 /* LaunchScreen.xib */ = {
			isa = PBXVariantGroup;
			children = (
				D44C18781AFABDE500EABA51 /* Base */,
			);
			name = LaunchScreen.xib;
			sourceTree = "<group>";
		};
/* End PBXVariantGroup section */

/* Begin XCBuildConfiguration section */
		D44C18861AFABDE500EABA51 /* Debug */ = {
			isa = XCBuildConfiguration;
			buildSettings = {
				ALWAYS_SEARCH_USER_PATHS = NO;
				CLANG_CXX_LANGUAGE_STANDARD = "gnu++0x";
				CLANG_CXX_LIBRARY = "libc++";
				CLANG_ENABLE_MODULES = YES;
				CLANG_ENABLE_OBJC_ARC = YES;
				CLANG_WARN_BOOL_CONVERSION = YES;
				CLANG_WARN_CONSTANT_CONVERSION = YES;
				CLANG_WARN_DIRECT_OBJC_ISA_USAGE = YES_ERROR;
				CLANG_WARN_EMPTY_BODY = YES;
				CLANG_WARN_ENUM_CONVERSION = YES;
				CLANG_WARN_INT_CONVERSION = YES;
				CLANG_WARN_OBJC_ROOT_CLASS = YES_ERROR;
				CLANG_WARN_UNREACHABLE_CODE = YES;
				CLANG_WARN__DUPLICATE_METHOD_MATCH = YES;
				"CODE_SIGN_IDENTITY[sdk=iphoneos*]" = "iPhone Developer";
				COPY_PHASE_STRIP = NO;
				DEBUG_INFORMATION_FORMAT = "dwarf-with-dsym";
				ENABLE_STRICT_OBJC_MSGSEND = YES;
				GCC_C_LANGUAGE_STANDARD = gnu99;
				GCC_DYNAMIC_NO_PIC = NO;
				GCC_NO_COMMON_BLOCKS = YES;
				GCC_OPTIMIZATION_LEVEL = 0;
				GCC_PREPROCESSOR_DEFINITIONS = (
					"DEBUG=1",
					"$(inherited)",
				);
				GCC_SYMBOLS_PRIVATE_EXTERN = NO;
				GCC_WARN_64_TO_32_BIT_CONVERSION = YES;
				GCC_WARN_ABOUT_RETURN_TYPE = YES_ERROR;
				GCC_WARN_UNDECLARED_SELECTOR = YES;
				GCC_WARN_UNINITIALIZED_AUTOS = YES_AGGRESSIVE;
				GCC_WARN_UNUSED_FUNCTION = YES;
				GCC_WARN_UNUSED_VARIABLE = YES;
				IPHONEOS_DEPLOYMENT_TARGET = 8.3;
				MTL_ENABLE_DEBUG_INFO = YES;
				ONLY_ACTIVE_ARCH = YES;
				SDKROOT = iphoneos;
				SWIFT_OPTIMIZATION_LEVEL = "-Onone";
			};
			name = Debug;
		};
		D44C18871AFABDE500EABA51 /* Release */ = {
			isa = XCBuildConfiguration;
			buildSettings = {
				ALWAYS_SEARCH_USER_PATHS = NO;
				CLANG_CXX_LANGUAGE_STANDARD = "gnu++0x";
				CLANG_CXX_LIBRARY = "libc++";
				CLANG_ENABLE_MODULES = YES;
				CLANG_ENABLE_OBJC_ARC = YES;
				CLANG_WARN_BOOL_CONVERSION = YES;
				CLANG_WARN_CONSTANT_CONVERSION = YES;
				CLANG_WARN_DIRECT_OBJC_ISA_USAGE = YES_ERROR;
				CLANG_WARN_EMPTY_BODY = YES;
				CLANG_WARN_ENUM_CONVERSION = YES;
				CLANG_WARN_INT_CONVERSION = YES;
				CLANG_WARN_OBJC_ROOT_CLASS = YES_ERROR;
				CLANG_WARN_UNREACHABLE_CODE = YES;
				CLANG_WARN__DUPLICATE_METHOD_MATCH = YES;
				"CODE_SIGN_IDENTITY[sdk=iphoneos*]" = "iPhone Developer";
				COPY_PHASE_STRIP = NO;
				DEBUG_INFORMATION_FORMAT = "dwarf-with-dsym";
				ENABLE_NS_ASSERTIONS = NO;
				ENABLE_STRICT_OBJC_MSGSEND = YES;
				GCC_C_LANGUAGE_STANDARD = gnu99;
				GCC_NO_COMMON_BLOCKS = YES;
				GCC_WARN_64_TO_32_BIT_CONVERSION = YES;
				GCC_WARN_ABOUT_RETURN_TYPE = YES_ERROR;
				GCC_WARN_UNDECLARED_SELECTOR = YES;
				GCC_WARN_UNINITIALIZED_AUTOS = YES_AGGRESSIVE;
				GCC_WARN_UNUSED_FUNCTION = YES;
				GCC_WARN_UNUSED_VARIABLE = YES;
				IPHONEOS_DEPLOYMENT_TARGET = 8.3;
				MTL_ENABLE_DEBUG_INFO = NO;
				SDKROOT = iphoneos;
				VALIDATE_PRODUCT = YES;
			};
			name = Release;
		};
		D44C18891AFABDE500EABA51 /* Debug */ = {
			isa = XCBuildConfiguration;
			buildSettings = {
				ASSETCATALOG_COMPILER_APPICON_NAME = AppIcon;
				INFOPLIST_FILE = "Pitch Perfect/Info.plist";
				LD_RUNPATH_SEARCH_PATHS = "$(inherited) @executable_path/Frameworks";
				PRODUCT_NAME = "$(TARGET_NAME)";
			};
			name = Debug;
		};
		D44C188A1AFABDE500EABA51 /* Release */ = {
			isa = XCBuildConfiguration;
			buildSettings = {
				ASSETCATALOG_COMPILER_APPICON_NAME = AppIcon;
				INFOPLIST_FILE = "Pitch Perfect/Info.plist";
				LD_RUNPATH_SEARCH_PATHS = "$(inherited) @executable_path/Frameworks";
				PRODUCT_NAME = "$(TARGET_NAME)";
			};
			name = Release;
		};
		D44C188C1AFABDE500EABA51 /* Debug */ = {
			isa = XCBuildConfiguration;
			buildSettings = {
				BUNDLE_LOADER = "$(TEST_HOST)";
				FRAMEWORK_SEARCH_PATHS = (
					"$(SDKROOT)/Developer/Library/Frameworks",
					"$(inherited)",
				);
				GCC_PREPROCESSOR_DEFINITIONS = (
					"DEBUG=1",
					"$(inherited)",
				);
				INFOPLIST_FILE = "Pitch PerfectTests/Info.plist";
				LD_RUNPATH_SEARCH_PATHS = "$(inherited) @executable_path/Frameworks @loader_path/Frameworks";
				PRODUCT_NAME = "$(TARGET_NAME)";
				TEST_HOST = "$(BUILT_PRODUCTS_DIR)/Pitch Perfect.app/Pitch Perfect";
			};
			name = Debug;
		};
		D44C188D1AFABDE500EABA51 /* Release */ = {
			isa = XCBuildConfiguration;
			buildSettings = {
				BUNDLE_LOADER = "$(TEST_HOST)";
				FRAMEWORK_SEARCH_PATHS = (
					"$(SDKROOT)/Developer/Library/Frameworks",
					"$(inherited)",
				);
				INFOPLIST_FILE = "Pitch PerfectTests/Info.plist";
				LD_RUNPATH_SEARCH_PATHS = "$(inherited) @executable_path/Frameworks @loader_path/Frameworks";
				PRODUCT_NAME = "$(TARGET_NAME)";
				TEST_HOST = "$(BUILT_PRODUCTS_DIR)/Pitch Perfect.app/Pitch Perfect";
			};
			name = Release;
		};
/* End XCBuildConfiguration section */

/* Begin XCConfigurationList section */
		D44C18611AFABDE400EABA51 /* Build configuration list for PBXProject "Pitch Perfect" */ = {
			isa = XCConfigurationList;
			buildConfigurations = (
				D44C18861AFABDE500EABA51 /* Debug */,
				D44C18871AFABDE500EABA51 /* Release */,
			);
			defaultConfigurationIsVisible = 0;
			defaultConfigurationName = Release;
		};
		D44C18881AFABDE500EABA51 /* Build configuration list for PBXNativeTarget "Pitch Perfect" */ = {
			isa = XCConfigurationList;
			buildConfigurations = (
				D44C18891AFABDE500EABA51 /* Debug */,
				D44C188A1AFABDE500EABA51 /* Release */,
			);
			defaultConfigurationIsVisible = 0;
			defaultConfigurationName = Release;
		};
		D44C188B1AFABDE500EABA51 /* Build configuration list for PBXNativeTarget "Pitch PerfectTests" */ = {
			isa = XCConfigurationList;
			buildConfigurations = (
				D44C188C1AFABDE500EABA51 /* Debug */,
				D44C188D1AFABDE500EABA51 /* Release */,
			);
			defaultConfigurationIsVisible = 0;
			defaultConfigurationName = Release;
		};
/* End XCConfigurationList section */

/* Begin XCVersionGroup section */
		D44C186D1AFABDE500EABA51 /* Pitch_Perfect.xcdatamodeld */ = {
			isa = XCVersionGroup;
			children = (
				D44C186E1AFABDE500EABA51 /* Pitch_Perfect.xcdatamodel */,
			);
			currentVersion = D44C186E1AFABDE500EABA51 /* Pitch_Perfect.xcdatamodel */;
			path = Pitch_Perfect.xcdatamodeld;
			sourceTree = "<group>";
			versionGroupType = wrapper.xcdatamodel;
		};
/* End XCVersionGroup section */
	};
	rootObject = D44C185E1AFABDE400EABA51 /* Project object */;
}
